// !$*UTF8*$!
{
	archiveVersion = 1;
	classes = {
	};
	objectVersion = 50;
	objects = {

/* Begin PBXBuildFile section */
		1024E1AD2486E0A1004FCFCB /* ViewController.swift in Sources */ = {isa = PBXBuildFile; fileRef = 1096E1FF247CBFED005D1252 /* ViewController.swift */; };
		1024E1AE2486E0A1004FCFCB /* AppDelegate.swift in Sources */ = {isa = PBXBuildFile; fileRef = 1096E1FB247CBFED005D1252 /* AppDelegate.swift */; };
		1024E1AF2486E0A1004FCFCB /* SceneDelegate.swift in Sources */ = {isa = PBXBuildFile; fileRef = 1096E1FD247CBFED005D1252 /* SceneDelegate.swift */; };
		1024E1B12486E0A1004FCFCB /* Pods_ZoomInAR.framework in Frameworks */ = {isa = PBXBuildFile; fileRef = D65B346254EFFD761D84BB41 /* Pods_ZoomInAR.framework */; };
		1024E1B32486E0A1004FCFCB /* LaunchScreen.storyboard in Resources */ = {isa = PBXBuildFile; fileRef = 1096E206247CBFEE005D1252 /* LaunchScreen.storyboard */; };
		1024E1B42486E0A1004FCFCB /* Assets.xcassets in Resources */ = {isa = PBXBuildFile; fileRef = 1096E204247CBFEE005D1252 /* Assets.xcassets */; };
		1024E1B52486E0A1004FCFCB /* Main.storyboard in Resources */ = {isa = PBXBuildFile; fileRef = 1096E201247CBFED005D1252 /* Main.storyboard */; };
		1096E1FC247CBFED005D1252 /* AppDelegate.swift in Sources */ = {isa = PBXBuildFile; fileRef = 1096E1FB247CBFED005D1252 /* AppDelegate.swift */; };
		1096E1FE247CBFED005D1252 /* SceneDelegate.swift in Sources */ = {isa = PBXBuildFile; fileRef = 1096E1FD247CBFED005D1252 /* SceneDelegate.swift */; };
		1096E200247CBFED005D1252 /* ViewController.swift in Sources */ = {isa = PBXBuildFile; fileRef = 1096E1FF247CBFED005D1252 /* ViewController.swift */; };
		1096E203247CBFED005D1252 /* Main.storyboard in Resources */ = {isa = PBXBuildFile; fileRef = 1096E201247CBFED005D1252 /* Main.storyboard */; };
		1096E205247CBFEE005D1252 /* Assets.xcassets in Resources */ = {isa = PBXBuildFile; fileRef = 1096E204247CBFEE005D1252 /* Assets.xcassets */; };
		1096E208247CBFEE005D1252 /* LaunchScreen.storyboard in Resources */ = {isa = PBXBuildFile; fileRef = 1096E206247CBFEE005D1252 /* LaunchScreen.storyboard */; };
		157B42281AD372DC486BCF05 /* Pods_ZoomInAR.framework in Frameworks */ = {isa = PBXBuildFile; fileRef = D65B346254EFFD761D84BB41 /* Pods_ZoomInAR.framework */; };
/* End PBXBuildFile section */

/* Begin PBXFileReference section */
		1024E1B92486E0A1004FCFCB /* ZoomInAR Dev.app */ = {isa = PBXFileReference; explicitFileType = wrapper.application; includeInIndex = 0; path = "ZoomInAR Dev.app"; sourceTree = BUILT_PRODUCTS_DIR; };
		1024E1BA2486E0A1004FCFCB /* ZoomInAR copy-Info.plist */ = {isa = PBXFileReference; lastKnownFileType = text.plist.xml; name = "ZoomInAR copy-Info.plist"; path = "/Users/sunil/Desktop/MyProject/MySecondProject/ZoomInAR copy-Info.plist"; sourceTree = "<absolute>"; };
		1096E1F8247CBFEC005D1252 /* ZoomInAR.app */ = {isa = PBXFileReference; explicitFileType = wrapper.application; includeInIndex = 0; path = ZoomInAR.app; sourceTree = BUILT_PRODUCTS_DIR; };
		1096E1FB247CBFED005D1252 /* AppDelegate.swift */ = {isa = PBXFileReference; lastKnownFileType = sourcecode.swift; path = AppDelegate.swift; sourceTree = "<group>"; };
		1096E1FD247CBFED005D1252 /* SceneDelegate.swift */ = {isa = PBXFileReference; lastKnownFileType = sourcecode.swift; path = SceneDelegate.swift; sourceTree = "<group>"; };
		1096E1FF247CBFED005D1252 /* ViewController.swift */ = {isa = PBXFileReference; lastKnownFileType = sourcecode.swift; path = ViewController.swift; sourceTree = "<group>"; };
		1096E202247CBFED005D1252 /* Base */ = {isa = PBXFileReference; lastKnownFileType = file.storyboard; name = Base; path = Base.lproj/Main.storyboard; sourceTree = "<group>"; };
		1096E204247CBFEE005D1252 /* Assets.xcassets */ = {isa = PBXFileReference; lastKnownFileType = folder.assetcatalog; path = Assets.xcassets; sourceTree = "<group>"; };
		1096E207247CBFEE005D1252 /* Base */ = {isa = PBXFileReference; lastKnownFileType = file.storyboard; name = Base; path = Base.lproj/LaunchScreen.storyboard; sourceTree = "<group>"; };
		1096E209247CBFEE005D1252 /* Info.plist */ = {isa = PBXFileReference; lastKnownFileType = text.plist.xml; path = Info.plist; sourceTree = "<group>"; };
		C43B5BEEDE88BBF20C952387 /* Pods-ZoomInAR.release.xcconfig */ = {isa = PBXFileReference; includeInIndex = 1; lastKnownFileType = text.xcconfig; name = "Pods-ZoomInAR.release.xcconfig"; path = "Target Support Files/Pods-ZoomInAR/Pods-ZoomInAR.release.xcconfig"; sourceTree = "<group>"; };
		CBBD82DB4B844AF2921A6435 /* Pods-ZoomInAR.debug.xcconfig */ = {isa = PBXFileReference; includeInIndex = 1; lastKnownFileType = text.xcconfig; name = "Pods-ZoomInAR.debug.xcconfig"; path = "Target Support Files/Pods-ZoomInAR/Pods-ZoomInAR.debug.xcconfig"; sourceTree = "<group>"; };
		D65B346254EFFD761D84BB41 /* Pods_ZoomInAR.framework */ = {isa = PBXFileReference; explicitFileType = wrapper.framework; includeInIndex = 0; path = Pods_ZoomInAR.framework; sourceTree = BUILT_PRODUCTS_DIR; };
/* End PBXFileReference section */

/* Begin PBXFrameworksBuildPhase section */
		1024E1B02486E0A1004FCFCB /* Frameworks */ = {
			isa = PBXFrameworksBuildPhase;
			buildActionMask = 2147483647;
			files = (
				1024E1B12486E0A1004FCFCB /* Pods_ZoomInAR.framework in Frameworks */,
			);
			runOnlyForDeploymentPostprocessing = 0;
		};
		1096E1F5247CBFEC005D1252 /* Frameworks */ = {
			isa = PBXFrameworksBuildPhase;
			buildActionMask = 2147483647;
			files = (
				157B42281AD372DC486BCF05 /* Pods_ZoomInAR.framework in Frameworks */,
			);
			runOnlyForDeploymentPostprocessing = 0;
		};
/* End PBXFrameworksBuildPhase section */

/* Begin PBXGroup section */
		1096E1EF247CBFEC005D1252 = {
			isa = PBXGroup;
			children = (
				1096E1FA247CBFEC005D1252 /* ZoomInAR */,
				1096E1F9247CBFEC005D1252 /* Products */,
				B6AB506586AE2F95787D6199 /* Pods */,
				8371A2479BE8103696817FBD /* Frameworks */,
			);
			sourceTree = "<group>";
		};
		1096E1F9247CBFEC005D1252 /* Products */ = {
			isa = PBXGroup;
			children = (
				1096E1F8247CBFEC005D1252 /* ZoomInAR.app */,
				1024E1B92486E0A1004FCFCB /* ZoomInAR Dev.app */,
			);
			name = Products;
			sourceTree = "<group>";
		};
		1096E1FA247CBFEC005D1252 /* ZoomInAR */ = {
			isa = PBXGroup;
			children = (
				1096E1FB247CBFED005D1252 /* AppDelegate.swift */,
				1096E1FD247CBFED005D1252 /* SceneDelegate.swift */,
				1096E1FF247CBFED005D1252 /* ViewController.swift */,
				1096E201247CBFED005D1252 /* Main.storyboard */,
				1096E204247CBFEE005D1252 /* Assets.xcassets */,
				1096E206247CBFEE005D1252 /* LaunchScreen.storyboard */,
				1096E209247CBFEE005D1252 /* Info.plist */,
				1024E1BA2486E0A1004FCFCB /* ZoomInAR copy-Info.plist */,
			);
			path = ZoomInAR;
			sourceTree = "<group>";
		};
		8371A2479BE8103696817FBD /* Frameworks */ = {
			isa = PBXGroup;
			children = (
				D65B346254EFFD761D84BB41 /* Pods_ZoomInAR.framework */,
			);
			name = Frameworks;
			sourceTree = "<group>";
		};
		B6AB506586AE2F95787D6199 /* Pods */ = {
			isa = PBXGroup;
			children = (
				CBBD82DB4B844AF2921A6435 /* Pods-ZoomInAR.debug.xcconfig */,
				C43B5BEEDE88BBF20C952387 /* Pods-ZoomInAR.release.xcconfig */,
			);
			path = Pods;
			sourceTree = "<group>";
		};
/* End PBXGroup section */

/* Begin PBXNativeTarget section */
		1024E1AA2486E0A1004FCFCB /* ZoomInAR Dev */ = {
			isa = PBXNativeTarget;
			buildConfigurationList = 1024E1B62486E0A1004FCFCB /* Build configuration list for PBXNativeTarget "ZoomInAR Dev" */;
			buildPhases = (
				1024E1AB2486E0A1004FCFCB /* [CP] Check Pods Manifest.lock */,
				1024E1AC2486E0A1004FCFCB /* Sources */,
				1024E1B02486E0A1004FCFCB /* Frameworks */,
				1024E1B22486E0A1004FCFCB /* Resources */,
			);
			buildRules = (
			);
			dependencies = (
			);
			name = "ZoomInAR Dev";
			productName = ZoomInAR;
			productReference = 1024E1B92486E0A1004FCFCB /* ZoomInAR Dev.app */;
			productType = "com.apple.product-type.application";
		};
		1096E1F7247CBFEC005D1252 /* ZoomInAR */ = {
			isa = PBXNativeTarget;
			buildConfigurationList = 1096E20C247CBFEE005D1252 /* Build configuration list for PBXNativeTarget "ZoomInAR" */;
			buildPhases = (
				5710A57EFCB677AF6D9AD3E4 /* [CP] Check Pods Manifest.lock */,
				1096E1F4247CBFEC005D1252 /* Sources */,
				1096E1F5247CBFEC005D1252 /* Frameworks */,
				1096E1F6247CBFEC005D1252 /* Resources */,
			);
			buildRules = (
			);
			dependencies = (
			);
			name = ZoomInAR;
			productName = ZoomInAR;
			productReference = 1096E1F8247CBFEC005D1252 /* ZoomInAR.app */;
			productType = "com.apple.product-type.application";
		};
/* End PBXNativeTarget section */

/* Begin PBXProject section */
		1096E1F0247CBFEC005D1252 /* Project object */ = {
			isa = PBXProject;
			attributes = {
				LastSwiftUpdateCheck = 1140;
				LastUpgradeCheck = 1140;
				ORGANIZATIONNAME = Test;
				TargetAttributes = {
					1096E1F7247CBFEC005D1252 = {
						CreatedOnToolsVersion = 11.4;
					};
				};
			};
			buildConfigurationList = 1096E1F3247CBFEC005D1252 /* Build configuration list for PBXProject "ZoomInAR" */;
			compatibilityVersion = "Xcode 9.3";
			developmentRegion = en;
			hasScannedForEncodings = 0;
			knownRegions = (
				en,
				Base,
			);
			mainGroup = 1096E1EF247CBFEC005D1252;
			productRefGroup = 1096E1F9247CBFEC005D1252 /* Products */;
			projectDirPath = "";
			projectRoot = "";
			targets = (
				1096E1F7247CBFEC005D1252 /* ZoomInAR */,
				1024E1AA2486E0A1004FCFCB /* ZoomInAR Dev */,
			);
		};
/* End PBXProject section */

/* Begin PBXResourcesBuildPhase section */
		1024E1B22486E0A1004FCFCB /* Resources */ = {
			isa = PBXResourcesBuildPhase;
			buildActionMask = 2147483647;
			files = (
				1024E1B32486E0A1004FCFCB /* LaunchScreen.storyboard in Resources */,
				1024E1B42486E0A1004FCFCB /* Assets.xcassets in Resources */,
				1024E1B52486E0A1004FCFCB /* Main.storyboard in Resources */,
			);
			runOnlyForDeploymentPostprocessing = 0;
		};
		1096E1F6247CBFEC005D1252 /* Resources */ = {
			isa = PBXResourcesBuildPhase;
			buildActionMask = 2147483647;
			files = (
				1096E208247CBFEE005D1252 /* LaunchScreen.storyboard in Resources */,
				1096E205247CBFEE005D1252 /* Assets.xcassets in Resources */,
				1096E203247CBFED005D1252 /* Main.storyboard in Resources */,
			);
			runOnlyForDeploymentPostprocessing = 0;
		};
/* End PBXResourcesBuildPhase section */

/* Begin PBXShellScriptBuildPhase section */
		1024E1AB2486E0A1004FCFCB /* [CP] Check Pods Manifest.lock */ = {
			isa = PBXShellScriptBuildPhase;
			buildActionMask = 2147483647;
			files = (
			);
			inputFileListPaths = (
			);
			inputPaths = (
				"${PODS_PODFILE_DIR_PATH}/Podfile.lock",
				"${PODS_ROOT}/Manifest.lock",
			);
			name = "[CP] Check Pods Manifest.lock";
			outputFileListPaths = (
			);
			outputPaths = (
				"$(DERIVED_FILE_DIR)/Pods-ZoomInAR-checkManifestLockResult.txt",
			);
			runOnlyForDeploymentPostprocessing = 0;
			shellPath = /bin/sh;
			shellScript = "diff \"${PODS_PODFILE_DIR_PATH}/Podfile.lock\" \"${PODS_ROOT}/Manifest.lock\" > /dev/null\nif [ $? != 0 ] ; then\n    # print error to STDERR\n    echo \"error: The sandbox is not in sync with the Podfile.lock. Run 'pod install' or update your CocoaPods installation.\" >&2\n    exit 1\nfi\n# This output is used by Xcode 'outputs' to avoid re-running this script phase.\necho \"SUCCESS\" > \"${SCRIPT_OUTPUT_FILE_0}\"\n";
			showEnvVarsInLog = 0;
		};
		5710A57EFCB677AF6D9AD3E4 /* [CP] Check Pods Manifest.lock */ = {
			isa = PBXShellScriptBuildPhase;
			buildActionMask = 2147483647;
			files = (
			);
			inputFileListPaths = (
			);
			inputPaths = (
				"${PODS_PODFILE_DIR_PATH}/Podfile.lock",
				"${PODS_ROOT}/Manifest.lock",
			);
			name = "[CP] Check Pods Manifest.lock";
			outputFileListPaths = (
			);
			outputPaths = (
				"$(DERIVED_FILE_DIR)/Pods-ZoomInAR-checkManifestLockResult.txt",
			);
			runOnlyForDeploymentPostprocessing = 0;
			shellPath = /bin/sh;
			shellScript = "diff \"${PODS_PODFILE_DIR_PATH}/Podfile.lock\" \"${PODS_ROOT}/Manifest.lock\" > /dev/null\nif [ $? != 0 ] ; then\n    # print error to STDERR\n    echo \"error: The sandbox is not in sync with the Podfile.lock. Run 'pod install' or update your CocoaPods installation.\" >&2\n    exit 1\nfi\n# This output is used by Xcode 'outputs' to avoid re-running this script phase.\necho \"SUCCESS\" > \"${SCRIPT_OUTPUT_FILE_0}\"\n";
			showEnvVarsInLog = 0;
		};
/* End PBXShellScriptBuildPhase section */

/* Begin PBXSourcesBuildPhase section */
		1024E1AC2486E0A1004FCFCB /* Sources */ = {
			isa = PBXSourcesBuildPhase;
			buildActionMask = 2147483647;
			files = (
				1024E1AD2486E0A1004FCFCB /* ViewController.swift in Sources */,
				1024E1AE2486E0A1004FCFCB /* AppDelegate.swift in Sources */,
				1024E1AF2486E0A1004FCFCB /* SceneDelegate.swift in Sources */,
			);
			runOnlyForDeploymentPostprocessing = 0;
		};
		1096E1F4247CBFEC005D1252 /* Sources */ = {
			isa = PBXSourcesBuildPhase;
			buildActionMask = 2147483647;
			files = (
				1096E200247CBFED005D1252 /* ViewController.swift in Sources */,
				1096E1FC247CBFED005D1252 /* AppDelegate.swift in Sources */,
				1096E1FE247CBFED005D1252 /* SceneDelegate.swift in Sources */,
			);
			runOnlyForDeploymentPostprocessing = 0;
		};
/* End PBXSourcesBuildPhase section */

/* Begin PBXVariantGroup section */
		1096E201247CBFED005D1252 /* Main.storyboard */ = {
			isa = PBXVariantGroup;
			children = (
				1096E202247CBFED005D1252 /* Base */,
			);
			name = Main.storyboard;
			sourceTree = "<group>";
		};
		1096E206247CBFEE005D1252 /* LaunchScreen.storyboard */ = {
			isa = PBXVariantGroup;
			children = (
				1096E207247CBFEE005D1252 /* Base */,
			);
			name = LaunchScreen.storyboard;
			sourceTree = "<group>";
		};
/* End PBXVariantGroup section */

/* Begin XCBuildConfiguration section */
		1024E1B72486E0A1004FCFCB /* Debug */ = {
			isa = XCBuildConfiguration;
			baseConfigurationReference = CBBD82DB4B844AF2921A6435 /* Pods-ZoomInAR.debug.xcconfig */;
			buildSettings = {
				ASSETCATALOG_COMPILER_APPICON_NAME = AppIcon;
				CODE_SIGN_STYLE = Automatic;
				DEVELOPMENT_TEAM = HDDXHYJE6G;
				INFOPLIST_FILE = "ZoomInAR copy-Info.plist";
				LD_RUNPATH_SEARCH_PATHS = (
					"$(inherited)",
					"@executable_path/Frameworks",
				);
				OTHER_SWIFT_FLAGS = "-DDEVELOPMENT";
				PRODUCT_BUNDLE_IDENTIFIER = com.happiestminds.ZoomInAR.test;
				PRODUCT_NAME = "ZoomInAR Dev";
				SWIFT_VERSION = 5.0;
				TARGETED_DEVICE_FAMILY = "1,2";
			};
			name = Debug;
		};
		1024E1B82486E0A1004FCFCB /* Release */ = {
			isa = XCBuildConfiguration;
			baseConfigurationReference = C43B5BEEDE88BBF20C952387 /* Pods-ZoomInAR.release.xcconfig */;
			buildSettings = {
				ASSETCATALOG_COMPILER_APPICON_NAME = AppIcon;
				CODE_SIGN_STYLE = Automatic;
				DEVELOPMENT_TEAM = HDDXHYJE6G;
				INFOPLIST_FILE = "ZoomInAR copy-Info.plist";
				LD_RUNPATH_SEARCH_PATHS = (
					"$(inherited)",
					"@executable_path/Frameworks",
				);
				OTHER_SWIFT_FLAGS = "-DDEVELOPMENT";
				PRODUCT_BUNDLE_IDENTIFIER = com.happiestminds.ZoomInAR.test;
				PRODUCT_NAME = "ZoomInAR Dev";
				SWIFT_VERSION = 5.0;
				TARGETED_DEVICE_FAMILY = "1,2";
			};
			name = Release;
		};
		1096E20A247CBFEE005D1252 /* Debug */ = {
			isa = XCBuildConfiguration;
			buildSettings = {
				ALWAYS_SEARCH_USER_PATHS = NO;
				CLANG_ANALYZER_NONNULL = YES;
				CLANG_ANALYZER_NUMBER_OBJECT_CONVERSION = YES_AGGRESSIVE;
				CLANG_CXX_LANGUAGE_STANDARD = "gnu++14";
				CLANG_CXX_LIBRARY = "libc++";
				CLANG_ENABLE_MODULES = YES;
				CLANG_ENABLE_OBJC_ARC = YES;
				CLANG_ENABLE_OBJC_WEAK = YES;
				CLANG_WARN_BLOCK_CAPTURE_AUTORELEASING = YES;
				CLANG_WARN_BOOL_CONVERSION = YES;
				CLANG_WARN_COMMA = YES;
				CLANG_WARN_CONSTANT_CONVERSION = YES;
				CLANG_WARN_DEPRECATED_OBJC_IMPLEMENTATIONS = YES;
				CLANG_WARN_DIRECT_OBJC_ISA_USAGE = YES_ERROR;
				CLANG_WARN_DOCUMENTATION_COMMENTS = YES;
				CLANG_WARN_EMPTY_BODY = YES;
				CLANG_WARN_ENUM_CONVERSION = YES;
				CLANG_WARN_INFINITE_RECURSION = YES;
				CLANG_WARN_INT_CONVERSION = YES;
				CLANG_WARN_NON_LITERAL_NULL_CONVERSION = YES;
				CLANG_WARN_OBJC_IMPLICIT_RETAIN_SELF = YES;
				CLANG_WARN_OBJC_LITERAL_CONVERSION = YES;
				CLANG_WARN_OBJC_ROOT_CLASS = YES_ERROR;
				CLANG_WARN_RANGE_LOOP_ANALYSIS = YES;
				CLANG_WARN_STRICT_PROTOTYPES = YES;
				CLANG_WARN_SUSPICIOUS_MOVE = YES;
				CLANG_WARN_UNGUARDED_AVAILABILITY = YES_AGGRESSIVE;
				CLANG_WARN_UNREACHABLE_CODE = YES;
				CLANG_WARN__DUPLICATE_METHOD_MATCH = YES;
				COPY_PHASE_STRIP = NO;
				DEBUG_INFORMATION_FORMAT = dwarf;
				ENABLE_STRICT_OBJC_MSGSEND = YES;
				ENABLE_TESTABILITY = YES;
				GCC_C_LANGUAGE_STANDARD = gnu11;
				GCC_DYNAMIC_NO_PIC = NO;
				GCC_NO_COMMON_BLOCKS = YES;
				GCC_OPTIMIZATION_LEVEL = 0;
				GCC_PREPROCESSOR_DEFINITIONS = (
					"DEBUG=1",
					"$(inherited)",
				);
				GCC_WARN_64_TO_32_BIT_CONVERSION = YES;
				GCC_WARN_ABOUT_RETURN_TYPE = YES_ERROR;
				GCC_WARN_UNDECLARED_SELECTOR = YES;
				GCC_WARN_UNINITIALIZED_AUTOS = YES_AGGRESSIVE;
				GCC_WARN_UNUSED_FUNCTION = YES;
				GCC_WARN_UNUSED_VARIABLE = YES;
				IPHONEOS_DEPLOYMENT_TARGET = 13.4;
				MTL_ENABLE_DEBUG_INFO = INCLUDE_SOURCE;
				MTL_FAST_MATH = YES;
				ONLY_ACTIVE_ARCH = YES;
				SDKROOT = iphoneos;
				SWIFT_ACTIVE_COMPILATION_CONDITIONS = DEBUG;
				SWIFT_OPTIMIZATION_LEVEL = "-Onone";
			};
			name = Debug;
		};
		1096E20B247CBFEE005D1252 /* Release */ = {
			isa = XCBuildConfiguration;
			buildSettings = {
				ALWAYS_SEARCH_USER_PATHS = NO;
				CLANG_ANALYZER_NONNULL = YES;
				CLANG_ANALYZER_NUMBER_OBJECT_CONVERSION = YES_AGGRESSIVE;
				CLANG_CXX_LANGUAGE_STANDARD = "gnu++14";
				CLANG_CXX_LIBRARY = "libc++";
				CLANG_ENABLE_MODULES = YES;
				CLANG_ENABLE_OBJC_ARC = YES;
				CLANG_ENABLE_OBJC_WEAK = YES;
				CLANG_WARN_BLOCK_CAPTURE_AUTORELEASING = YES;
				CLANG_WARN_BOOL_CONVERSION = YES;
				CLANG_WARN_COMMA = YES;
				CLANG_WARN_CONSTANT_CONVERSION = YES;
				CLANG_WARN_DEPRECATED_OBJC_IMPLEMENTATIONS = YES;
				CLANG_WARN_DIRECT_OBJC_ISA_USAGE = YES_ERROR;
				CLANG_WARN_DOCUMENTATION_COMMENTS = YES;
				CLANG_WARN_EMPTY_BODY = YES;
				CLANG_WARN_ENUM_CONVERSION = YES;
				CLANG_WARN_INFINITE_RECURSION = YES;
				CLANG_WARN_INT_CONVERSION = YES;
				CLANG_WARN_NON_LITERAL_NULL_CONVERSION = YES;
				CLANG_WARN_OBJC_IMPLICIT_RETAIN_SELF = YES;
				CLANG_WARN_OBJC_LITERAL_CONVERSION = YES;
				CLANG_WARN_OBJC_ROOT_CLASS = YES_ERROR;
				CLANG_WARN_RANGE_LOOP_ANALYSIS = YES;
				CLANG_WARN_STRICT_PROTOTYPES = YES;
				CLANG_WARN_SUSPICIOUS_MOVE = YES;
				CLANG_WARN_UNGUARDED_AVAILABILITY = YES_AGGRESSIVE;
				CLANG_WARN_UNREACHABLE_CODE = YES;
				CLANG_WARN__DUPLICATE_METHOD_MATCH = YES;
				COPY_PHASE_STRIP = NO;
				DEBUG_INFORMATION_FORMAT = "dwarf-with-dsym";
				ENABLE_NS_ASSERTIONS = NO;
				ENABLE_STRICT_OBJC_MSGSEND = YES;
				GCC_C_LANGUAGE_STANDARD = gnu11;
				GCC_NO_COMMON_BLOCKS = YES;
				GCC_WARN_64_TO_32_BIT_CONVERSION = YES;
				GCC_WARN_ABOUT_RETURN_TYPE = YES_ERROR;
				GCC_WARN_UNDECLARED_SELECTOR = YES;
				GCC_WARN_UNINITIALIZED_AUTOS = YES_AGGRESSIVE;
				GCC_WARN_UNUSED_FUNCTION = YES;
				GCC_WARN_UNUSED_VARIABLE = YES;
				IPHONEOS_DEPLOYMENT_TARGET = 13.4;
				MTL_ENABLE_DEBUG_INFO = NO;
				MTL_FAST_MATH = YES;
				SDKROOT = iphoneos;
				SWIFT_COMPILATION_MODE = wholemodule;
				SWIFT_OPTIMIZATION_LEVEL = "-O";
				VALIDATE_PRODUCT = YES;
			};
			name = Release;
		};
		1096E20D247CBFEE005D1252 /* Debug */ = {
			isa = XCBuildConfiguration;
			baseConfigurationReference = CBBD82DB4B844AF2921A6435 /* Pods-ZoomInAR.debug.xcconfig */;
			buildSettings = {
				ASSETCATALOG_COMPILER_APPICON_NAME = AppIcon;
				CODE_SIGN_STYLE = Automatic;
				DEVELOPMENT_TEAM = HDDXHYJE6G;
				INFOPLIST_FILE = ZoomInAR/Info.plist;
				LD_RUNPATH_SEARCH_PATHS = (
					"$(inherited)",
					"@executable_path/Frameworks",
				);
				PRODUCT_BUNDLE_IDENTIFIER = com.happiestminds.ZoomInAR.test;
				PRODUCT_NAME = "$(TARGET_NAME)";
				SWIFT_VERSION = 5.0;
				TARGETED_DEVICE_FAMILY = "1,2";
			};
			name = Debug;
		};
		1096E20E247CBFEE005D1252 /* Release */ = {
			isa = XCBuildConfiguration;
			baseConfigurationReference = C43B5BEEDE88BBF20C952387 /* Pods-ZoomInAR.release.xcconfig */;
			buildSettings = {
				ASSETCATALOG_COMPILER_APPICON_NAME = AppIcon;
				CODE_SIGN_STYLE = Automatic;
				DEVELOPMENT_TEAM = HDDXHYJE6G;
				INFOPLIST_FILE = ZoomInAR/Info.plist;
				LD_RUNPATH_SEARCH_PATHS = (
					"$(inherited)",
					"@executable_path/Frameworks",
				);
				PRODUCT_BUNDLE_IDENTIFIER = com.happiestminds.ZoomInAR.test;
				PRODUCT_NAME = "$(TARGET_NAME)";
				SWIFT_VERSION = 5.0;
				TARGETED_DEVICE_FAMILY = "1,2";
			};
			name = Release;
		};
/* End XCBuildConfiguration section */

/* Begin XCConfigurationList section */
		1024E1B62486E0A1004FCFCB /* Build configuration list for PBXNativeTarget "ZoomInAR Dev" */ = {
			isa = XCConfigurationList;
			buildConfigurations = (
				1024E1B72486E0A1004FCFCB /* Debug */,
				1024E1B82486E0A1004FCFCB /* Release */,
			);
			defaultConfigurationIsVisible = 0;
			defaultConfigurationName = Release;
		};
		1096E1F3247CBFEC005D1252 /* Build configuration list for PBXProject "ZoomInAR" */ = {
			isa = XCConfigurationList;
			buildConfigurations = (
				1096E20A247CBFEE005D1252 /* Debug */,
				1096E20B247CBFEE005D1252 /* Release */,
			);
			defaultConfigurationIsVisible = 0;
			defaultConfigurationName = Release;
		};
		1096E20C247CBFEE005D1252 /* Build configuration list for PBXNativeTarget "ZoomInAR" */ = {
			isa = XCConfigurationList;
			buildConfigurations = (
				1096E20D247CBFEE005D1252 /* Debug */,
				1096E20E247CBFEE005D1252 /* Release */,
			);
			defaultConfigurationIsVisible = 0;
			defaultConfigurationName = Release;
		};
/* End XCConfigurationList section */
	};
	rootObject = 1096E1F0247CBFEC005D1252 /* Project object */;
}
